
Microsoft Visual Studio Solution File, Format Version 12.00
# Visual Studio Version 17
VisualStudioVersion = 17.4.33122.133
MinimumVisualStudioVersion = 10.0.40219.1
Project("{FAE04EC0-301F-11D3-BF4B-00C04F79EFBC}") = "GrimmchildMantises", "GrimmchildMantises\GrimmchildMantises.csproj", "{D45A51D6-1877-4AD8-AE51-2924B695268B}"
EndProject
Project("{2150E333-8FDC-42A3-9474-1A3956D46DE8}") = "Solution Files", "Solution Files", "{023CC613-2BA5-4CC7-B9D3-6290073146B1}"
	ProjectSection(SolutionItems) = preProject
		.github\workflows\build.yml = .github\workflows\build.yml
		.github\dependabot.yml = .github\dependabot.yml
		README.md = README.md
	EndProjectSection
EndProject
Global
	GlobalSection(SolutionConfigurationPlatforms) = preSolution
		Debug|Any CPU = Debug|Any CPU
		Release|Any CPU = Release|Any CPU
	EndGlobalSection
	GlobalSection(ProjectConfigurationPlatforms) = postSolution
		{D45A51D6-1877-4AD8-AE51-2924B695268B}.Debug|Any CPU.ActiveCfg = Debug|Any CPU
		{D45A51D6-1877-4AD8-AE51-2924B695268B}.Debug|Any CPU.Build.0 = Debug|Any CPU
		{D45A51D6-1877-4AD8-AE51-2924B695268B}.Release|Any CPU.ActiveCfg = Release|Any CPU
		{D45A51D6-1877-4AD8-AE51-2924B695268B}.Release|Any CPU.Build.0 = Release|Any CPU
	EndGlobalSection
	GlobalSection(SolutionProperties) = preSolution
		HideSolutionNode = FALSE
	EndGlobalSection
	GlobalSection(ExtensibilityGlobals) = postSolution
		SolutionGuid = {D0AE610F-2F75-4888-B27C-41CCFCC2B046}
	EndGlobalSection
EndGlobal
